{
  "nodes": {
    "altacv": {
      "flake": false,
      "locked": {
        "lastModified": 1734337366,
        "narHash": "sha256-m6dad9qkAtW6+qllnxu4pe8V4HODMxYPdZHbcjnWYsE=",
        "owner": "liantze",
        "repo": "AltaCV",
        "rev": "cd1e96aa63b49c0c7fb03724e0673d260c99ab41",
        "type": "github"
      },
      "original": {
        "owner": "liantze",
        "repo": "AltaCV",
        "type": "github"
      }
    },
    "nixpkgs": {
      "locked": {
        "lastModified": 1742889210,
        "narHash": "sha256-hw63HnwnqU3ZQfsMclLhMvOezpM7RSB0dMAtD5/sOiw=",
        "owner": "NixOS",
        "repo": "nixpkgs",
        "rev": "698214a32beb4f4c8e3942372c694f40848b360d",
        "type": "github"
      },
      "original": {
        "owner": "NixOS",
        "ref": "nixos-unstable",
        "repo": "nixpkgs",
        "type": "github"
      }
    },
    "root": {
      "inputs": {
        "altacv": "altacv",
        "nixpkgs": "nixpkgs"
      }
    }
  },
  "root": "root",
  "version": 7
}
